
Microsoft Visual Studio Solution File, Format Version 12.00
# Visual Studio Version 17
VisualStudioVersion = 17.9.34607.119
MinimumVisualStudioVersion = 10.0.40219.1
Project("{FAE04EC0-301F-11D3-BF4B-00C04F79EFBC}") = "Creacion_de_clases", "Creacion_de_clases\Creacion_de_clases.csproj", "{77E833D1-CD70-4E4B-B63D-DC559599D141}"
EndProject
Global
	GlobalSection(SolutionConfigurationPlatforms) = preSolution
		Debug|Any CPU = Debug|Any CPU
		Release|Any CPU = Release|Any CPU
	EndGlobalSection
	GlobalSection(ProjectConfigurationPlatforms) = postSolution
		{77E833D1-CD70-4E4B-B63D-DC559599D141}.Debug|Any CPU.ActiveCfg = Debug|Any CPU
		{77E833D1-CD70-4E4B-B63D-DC559599D141}.Debug|Any CPU.Build.0 = Debug|Any CPU
		{77E833D1-CD70-4E4B-B63D-DC559599D141}.Release|Any CPU.ActiveCfg = Release|Any CPU
		{77E833D1-CD70-4E4B-B63D-DC559599D141}.Release|Any CPU.Build.0 = Release|Any CPU
	EndGlobalSection
	GlobalSection(SolutionProperties) = preSolution
		HideSolutionNode = FALSE
	EndGlobalSection
	GlobalSection(ExtensibilityGlobals) = postSolution
		SolutionGuid = {809BA9C4-96E2-464E-8748-F3D083B285FB}
	EndGlobalSection
EndGlobal
