
Microsoft Visual Studio Solution File, Format Version 12.00
# Visual Studio Version 17
VisualStudioVersion = 17.9.34701.34
MinimumVisualStudioVersion = 10.0.40219.1
Project("{FAE04EC0-301F-11D3-BF4B-00C04F79EFBC}") = "Desafio2_Compras", "Desafio2_Compras\Desafio2_Compras.csproj", "{92868D10-2EC1-4F9A-AFE2-769CFD194C8A}"
EndProject
Global
	GlobalSection(SolutionConfigurationPlatforms) = preSolution
		Debug|Any CPU = Debug|Any CPU
		Release|Any CPU = Release|Any CPU
	EndGlobalSection
	GlobalSection(ProjectConfigurationPlatforms) = postSolution
		{92868D10-2EC1-4F9A-AFE2-769CFD194C8A}.Debug|Any CPU.ActiveCfg = Debug|Any CPU
		{92868D10-2EC1-4F9A-AFE2-769CFD194C8A}.Debug|Any CPU.Build.0 = Debug|Any CPU
		{92868D10-2EC1-4F9A-AFE2-769CFD194C8A}.Release|Any CPU.ActiveCfg = Release|Any CPU
		{92868D10-2EC1-4F9A-AFE2-769CFD194C8A}.Release|Any CPU.Build.0 = Release|Any CPU
	EndGlobalSection
	GlobalSection(SolutionProperties) = preSolution
		HideSolutionNode = FALSE
	EndGlobalSection
	GlobalSection(ExtensibilityGlobals) = postSolution
		SolutionGuid = {564B482B-F468-4F9D-9C78-01F2C8371278}
	EndGlobalSection
EndGlobal
